// !$*UTF8*$!
{
	archiveVersion = 1;
	classes = {
	};
	objectVersion = 48;
	objects = {

/* Begin PBXBuildFile section */
		295930561FA7450600E488D8 /* AppDelegate.swift in Sources */ = {isa = PBXBuildFile; fileRef = 295930551FA7450600E488D8 /* AppDelegate.swift */; };
		295930581FA7450600E488D8 /* ViewController.swift in Sources */ = {isa = PBXBuildFile; fileRef = 295930571FA7450600E488D8 /* ViewController.swift */; };
		2959305B1FA7450600E488D8 /* Main.storyboard in Resources */ = {isa = PBXBuildFile; fileRef = 295930591FA7450600E488D8 /* Main.storyboard */; };
		2959305D1FA7450600E488D8 /* Assets.xcassets in Resources */ = {isa = PBXBuildFile; fileRef = 2959305C1FA7450600E488D8 /* Assets.xcassets */; };
		295930601FA7450600E488D8 /* LaunchScreen.storyboard in Resources */ = {isa = PBXBuildFile; fileRef = 2959305E1FA7450600E488D8 /* LaunchScreen.storyboard */; };
		29A0333D1FA9070C006B197C /* AccountViewController.swift in Sources */ = {isa = PBXBuildFile; fileRef = 29A0333C1FA9070C006B197C /* AccountViewController.swift */; };
		29D25C601FA9E75300906048 /* DesignableUITextField.swift in Sources */ = {isa = PBXBuildFile; fileRef = 29D25C5F1FA9E75300906048 /* DesignableUITextField.swift */; };
		29D25C621FA9EE1C00906048 /* LoginViewController.swift in Sources */ = {isa = PBXBuildFile; fileRef = 29D25C611FA9EE1C00906048 /* LoginViewController.swift */; };
		B913DEA01FA8E43D004547C4 /* CollectionViewCell.swift in Sources */ = {isa = PBXBuildFile; fileRef = B913DE9F1FA8E43D004547C4 /* CollectionViewCell.swift */; };
		B913DEA21FA8E49B004547C4 /* SearchViewController.swift in Sources */ = {isa = PBXBuildFile; fileRef = B913DEA11FA8E49B004547C4 /* SearchViewController.swift */; };
		B913DEA41FA981A5004547C4 /* DetailsViewController.swift in Sources */ = {isa = PBXBuildFile; fileRef = B913DEA31FA981A5004547C4 /* DetailsViewController.swift */; };
		C60FC7789443BC28AD8811D3 /* Pods_DrugLabel.framework in Frameworks */ = {isa = PBXBuildFile; fileRef = CDAC466CD6CB705F79CA5906 /* Pods_DrugLabel.framework */; };
/* End PBXBuildFile section */

/* Begin PBXFileReference section */
		295930521FA7450600E488D8 /* DrugLabel.app */ = {isa = PBXFileReference; explicitFileType = wrapper.application; includeInIndex = 0; path = DrugLabel.app; sourceTree = BUILT_PRODUCTS_DIR; };
		295930551FA7450600E488D8 /* AppDelegate.swift */ = {isa = PBXFileReference; lastKnownFileType = sourcecode.swift; path = AppDelegate.swift; sourceTree = "<group>"; };
		295930571FA7450600E488D8 /* ViewController.swift */ = {isa = PBXFileReference; lastKnownFileType = sourcecode.swift; path = ViewController.swift; sourceTree = "<group>"; };
		2959305A1FA7450600E488D8 /* Base */ = {isa = PBXFileReference; lastKnownFileType = file.storyboard; name = Base; path = Base.lproj/Main.storyboard; sourceTree = "<group>"; };
		2959305C1FA7450600E488D8 /* Assets.xcassets */ = {isa = PBXFileReference; lastKnownFileType = folder.assetcatalog; path = Assets.xcassets; sourceTree = "<group>"; };
		2959305F1FA7450600E488D8 /* Base */ = {isa = PBXFileReference; lastKnownFileType = file.storyboard; name = Base; path = Base.lproj/LaunchScreen.storyboard; sourceTree = "<group>"; };
		295930611FA7450600E488D8 /* Info.plist */ = {isa = PBXFileReference; lastKnownFileType = text.plist.xml; path = Info.plist; sourceTree = "<group>"; };
		29A0333C1FA9070C006B197C /* AccountViewController.swift */ = {isa = PBXFileReference; lastKnownFileType = sourcecode.swift; path = AccountViewController.swift; sourceTree = "<group>"; };
		29D25C5F1FA9E75300906048 /* DesignableUITextField.swift */ = {isa = PBXFileReference; lastKnownFileType = sourcecode.swift; path = DesignableUITextField.swift; sourceTree = "<group>"; };
		29D25C611FA9EE1C00906048 /* LoginViewController.swift */ = {isa = PBXFileReference; lastKnownFileType = sourcecode.swift; path = LoginViewController.swift; sourceTree = "<group>"; };
		B913DE9F1FA8E43D004547C4 /* CollectionViewCell.swift */ = {isa = PBXFileReference; lastKnownFileType = sourcecode.swift; path = CollectionViewCell.swift; sourceTree = "<group>"; };
		B913DEA11FA8E49B004547C4 /* SearchViewController.swift */ = {isa = PBXFileReference; lastKnownFileType = sourcecode.swift; path = SearchViewController.swift; sourceTree = "<group>"; };
		B913DEA31FA981A5004547C4 /* DetailsViewController.swift */ = {isa = PBXFileReference; lastKnownFileType = sourcecode.swift; path = DetailsViewController.swift; sourceTree = "<group>"; };
		C5D5152553D075AA1B75104F /* Pods-DrugLabel.release.xcconfig */ = {isa = PBXFileReference; includeInIndex = 1; lastKnownFileType = text.xcconfig; name = "Pods-DrugLabel.release.xcconfig"; path = "Pods/Target Support Files/Pods-DrugLabel/Pods-DrugLabel.release.xcconfig"; sourceTree = "<group>"; };
		CDAC466CD6CB705F79CA5906 /* Pods_DrugLabel.framework */ = {isa = PBXFileReference; explicitFileType = wrapper.framework; includeInIndex = 0; path = Pods_DrugLabel.framework; sourceTree = BUILT_PRODUCTS_DIR; };
		EDDBF5D0337F601254D2A347 /* Pods-DrugLabel.debug.xcconfig */ = {isa = PBXFileReference; includeInIndex = 1; lastKnownFileType = text.xcconfig; name = "Pods-DrugLabel.debug.xcconfig"; path = "Pods/Target Support Files/Pods-DrugLabel/Pods-DrugLabel.debug.xcconfig"; sourceTree = "<group>"; };
/* End PBXFileReference section */

/* Begin PBXFrameworksBuildPhase section */
		2959304F1FA7450600E488D8 /* Frameworks */ = {
			isa = PBXFrameworksBuildPhase;
			buildActionMask = 2147483647;
			files = (
				C60FC7789443BC28AD8811D3 /* Pods_DrugLabel.framework in Frameworks */,
			);
			runOnlyForDeploymentPostprocessing = 0;
		};
/* End PBXFrameworksBuildPhase section */

/* Begin PBXGroup section */
		295930491FA7450600E488D8 = {
			isa = PBXGroup;
			children = (
				295930541FA7450600E488D8 /* DrugLabel */,
				295930531FA7450600E488D8 /* Products */,
				7AC6BD0A94EC5704790280CD /* Pods */,
				CBD5B0E37FAE452C955140F1 /* Frameworks */,
			);
			sourceTree = "<group>";
		};
		295930531FA7450600E488D8 /* Products */ = {
			isa = PBXGroup;
			children = (
				295930521FA7450600E488D8 /* DrugLabel.app */,
			);
			name = Products;
			sourceTree = "<group>";
		};
		295930541FA7450600E488D8 /* DrugLabel */ = {
			isa = PBXGroup;
			children = (
				295930551FA7450600E488D8 /* AppDelegate.swift */,
				295930571FA7450600E488D8 /* ViewController.swift */,
				B913DEA11FA8E49B004547C4 /* SearchViewController.swift */,
				B913DEA31FA981A5004547C4 /* DetailsViewController.swift */,
				295930591FA7450600E488D8 /* Main.storyboard */,
				29D25C611FA9EE1C00906048 /* LoginViewController.swift */,
				29D25C5F1FA9E75300906048 /* DesignableUITextField.swift */,
				29A0333C1FA9070C006B197C /* AccountViewController.swift */,
				B913DE9F1FA8E43D004547C4 /* CollectionViewCell.swift */,
				2959305C1FA7450600E488D8 /* Assets.xcassets */,
				2959305E1FA7450600E488D8 /* LaunchScreen.storyboard */,
				295930611FA7450600E488D8 /* Info.plist */,
			);
			path = DrugLabel;
			sourceTree = "<group>";
		};
		7AC6BD0A94EC5704790280CD /* Pods */ = {
			isa = PBXGroup;
			children = (
				EDDBF5D0337F601254D2A347 /* Pods-DrugLabel.debug.xcconfig */,
				C5D5152553D075AA1B75104F /* Pods-DrugLabel.release.xcconfig */,
			);
			name = Pods;
			sourceTree = "<group>";
		};
		CBD5B0E37FAE452C955140F1 /* Frameworks */ = {
			isa = PBXGroup;
			children = (
				CDAC466CD6CB705F79CA5906 /* Pods_DrugLabel.framework */,
			);
			name = Frameworks;
			sourceTree = "<group>";
		};
/* End PBXGroup section */

/* Begin PBXNativeTarget section */
		295930511FA7450600E488D8 /* DrugLabel */ = {
			isa = PBXNativeTarget;
			buildConfigurationList = 295930641FA7450600E488D8 /* Build configuration list for PBXNativeTarget "DrugLabel" */;
			buildPhases = (
				853E8BE997ECA2DC12F6D177 /* [CP] Check Pods Manifest.lock */,
				2959304E1FA7450600E488D8 /* Sources */,
				2959304F1FA7450600E488D8 /* Frameworks */,
				295930501FA7450600E488D8 /* Resources */,
				9E150CC9D0BB4EBF8D684631 /* [CP] Embed Pods Frameworks */,
				6ECBEA1918368195D1467075 /* [CP] Copy Pods Resources */,
			);
			buildRules = (
			);
			dependencies = (
			);
			name = DrugLabel;
			productName = DrugLabel;
			productReference = 295930521FA7450600E488D8 /* DrugLabel.app */;
			productType = "com.apple.product-type.application";
		};
/* End PBXNativeTarget section */

/* Begin PBXProject section */
		2959304A1FA7450600E488D8 /* Project object */ = {
			isa = PBXProject;
			attributes = {
				LastSwiftUpdateCheck = 0900;
				LastUpgradeCheck = 0900;
				ORGANIZATIONNAME = bally;
				TargetAttributes = {
					295930511FA7450600E488D8 = {
						CreatedOnToolsVersion = 9.0;
						ProvisioningStyle = Automatic;
					};
				};
			};
			buildConfigurationList = 2959304D1FA7450600E488D8 /* Build configuration list for PBXProject "DrugLabel" */;
			compatibilityVersion = "Xcode 8.0";
			developmentRegion = en;
			hasScannedForEncodings = 0;
			knownRegions = (
				en,
				Base,
			);
			mainGroup = 295930491FA7450600E488D8;
			productRefGroup = 295930531FA7450600E488D8 /* Products */;
			projectDirPath = "";
			projectRoot = "";
			targets = (
				295930511FA7450600E488D8 /* DrugLabel */,
			);
		};
/* End PBXProject section */

/* Begin PBXResourcesBuildPhase section */
		295930501FA7450600E488D8 /* Resources */ = {
			isa = PBXResourcesBuildPhase;
			buildActionMask = 2147483647;
			files = (
				295930601FA7450600E488D8 /* LaunchScreen.storyboard in Resources */,
				2959305D1FA7450600E488D8 /* Assets.xcassets in Resources */,
				2959305B1FA7450600E488D8 /* Main.storyboard in Resources */,
			);
			runOnlyForDeploymentPostprocessing = 0;
		};
/* End PBXResourcesBuildPhase section */

/* Begin PBXShellScriptBuildPhase section */
		6ECBEA1918368195D1467075 /* [CP] Copy Pods Resources */ = {
			isa = PBXShellScriptBuildPhase;
			buildActionMask = 2147483647;
			files = (
			);
			inputPaths = (
			);
			name = "[CP] Copy Pods Resources";
			outputPaths = (
			);
			runOnlyForDeploymentPostprocessing = 0;
			shellPath = /bin/sh;
			shellScript = "\"${SRCROOT}/Pods/Target Support Files/Pods-DrugLabel/Pods-DrugLabel-resources.sh\"\n";
			showEnvVarsInLog = 0;
		};
		853E8BE997ECA2DC12F6D177 /* [CP] Check Pods Manifest.lock */ = {
			isa = PBXShellScriptBuildPhase;
			buildActionMask = 2147483647;
			files = (
			);
			inputPaths = (
				"${PODS_PODFILE_DIR_PATH}/Podfile.lock",
				"${PODS_ROOT}/Manifest.lock",
			);
			name = "[CP] Check Pods Manifest.lock";
			outputPaths = (
				"$(DERIVED_FILE_DIR)/Pods-DrugLabel-checkManifestLockResult.txt",
			);
			runOnlyForDeploymentPostprocessing = 0;
			shellPath = /bin/sh;
			shellScript = "diff \"${PODS_PODFILE_DIR_PATH}/Podfile.lock\" \"${PODS_ROOT}/Manifest.lock\" > /dev/null\nif [ $? != 0 ] ; then\n    # print error to STDERR\n    echo \"error: The sandbox is not in sync with the Podfile.lock. Run 'pod install' or update your CocoaPods installation.\" >&2\n    exit 1\nfi\n# This output is used by Xcode 'outputs' to avoid re-running this script phase.\necho \"SUCCESS\" > \"${SCRIPT_OUTPUT_FILE_0}\"\n";
			showEnvVarsInLog = 0;
		};
		9E150CC9D0BB4EBF8D684631 /* [CP] Embed Pods Frameworks */ = {
			isa = PBXShellScriptBuildPhase;
			buildActionMask = 2147483647;
			files = (
			);
			inputPaths = (
			);
			name = "[CP] Embed Pods Frameworks";
			outputPaths = (
			);
			runOnlyForDeploymentPostprocessing = 0;
			shellPath = /bin/sh;
			shellScript = "\"${SRCROOT}/Pods/Target Support Files/Pods-DrugLabel/Pods-DrugLabel-frameworks.sh\"\n";
			showEnvVarsInLog = 0;
		};
/* End PBXShellScriptBuildPhase section */

/* Begin PBXSourcesBuildPhase section */
		2959304E1FA7450600E488D8 /* Sources */ = {
			isa = PBXSourcesBuildPhase;
			buildActionMask = 2147483647;
			files = (
				295930581FA7450600E488D8 /* ViewController.swift in Sources */,
				295930561FA7450600E488D8 /* AppDelegate.swift in Sources */,
				29A0333D1FA9070C006B197C /* AccountViewController.swift in Sources */,
				29D25C621FA9EE1C00906048 /* LoginViewController.swift in Sources */,
				29D25C601FA9E75300906048 /* DesignableUITextField.swift in Sources */,
				B913DEA21FA8E49B004547C4 /* SearchViewController.swift in Sources */,
				B913DEA01FA8E43D004547C4 /* CollectionViewCell.swift in Sources */,
				B913DEA41FA981A5004547C4 /* DetailsViewController.swift in Sources */,
			);
			runOnlyForDeploymentPostprocessing = 0;
		};
/* End PBXSourcesBuildPhase section */

/* Begin PBXVariantGroup section */
		295930591FA7450600E488D8 /* Main.storyboard */ = {
			isa = PBXVariantGroup;
			children = (
				2959305A1FA7450600E488D8 /* Base */,
			);
			name = Main.storyboard;
			sourceTree = "<group>";
		};
		2959305E1FA7450600E488D8 /* LaunchScreen.storyboard */ = {
			isa = PBXVariantGroup;
			children = (
				2959305F1FA7450600E488D8 /* Base */,
			);
			name = LaunchScreen.storyboard;
			sourceTree = "<group>";
		};
/* End PBXVariantGroup section */

/* Begin XCBuildConfiguration section */
		295930621FA7450600E488D8 /* Debug */ = {
			isa = XCBuildConfiguration;
			buildSettings = {
				ALWAYS_SEARCH_USER_PATHS = NO;
				CLANG_ANALYZER_NONNULL = YES;
				CLANG_ANALYZER_NUMBER_OBJECT_CONVERSION = YES_AGGRESSIVE;
				CLANG_CXX_LANGUAGE_STANDARD = "gnu++14";
				CLANG_CXX_LIBRARY = "libc++";
				CLANG_ENABLE_MODULES = YES;
				CLANG_ENABLE_OBJC_ARC = YES;
				CLANG_WARN_BLOCK_CAPTURE_AUTORELEASING = YES;
				CLANG_WARN_BOOL_CONVERSION = YES;
				CLANG_WARN_COMMA = YES;
				CLANG_WARN_CONSTANT_CONVERSION = YES;
				CLANG_WARN_DIRECT_OBJC_ISA_USAGE = YES_ERROR;
				CLANG_WARN_DOCUMENTATION_COMMENTS = YES;
				CLANG_WARN_EMPTY_BODY = YES;
				CLANG_WARN_ENUM_CONVERSION = YES;
				CLANG_WARN_INFINITE_RECURSION = YES;
				CLANG_WARN_INT_CONVERSION = YES;
				CLANG_WARN_NON_LITERAL_NULL_CONVERSION = YES;
				CLANG_WARN_OBJC_LITERAL_CONVERSION = YES;
				CLANG_WARN_OBJC_ROOT_CLASS = YES_ERROR;
				CLANG_WARN_RANGE_LOOP_ANALYSIS = YES;
				CLANG_WARN_STRICT_PROTOTYPES = YES;
				CLANG_WARN_SUSPICIOUS_MOVE = YES;
				CLANG_WARN_UNGUARDED_AVAILABILITY = YES_AGGRESSIVE;
				CLANG_WARN_UNREACHABLE_CODE = YES;
				CLANG_WARN__DUPLICATE_METHOD_MATCH = YES;
				CODE_SIGN_IDENTITY = "iPhone Developer";
				COPY_PHASE_STRIP = NO;
				DEBUG_INFORMATION_FORMAT = dwarf;
				ENABLE_STRICT_OBJC_MSGSEND = YES;
				ENABLE_TESTABILITY = YES;
				GCC_C_LANGUAGE_STANDARD = gnu11;
				GCC_DYNAMIC_NO_PIC = NO;
				GCC_NO_COMMON_BLOCKS = YES;
				GCC_OPTIMIZATION_LEVEL = 0;
				GCC_PREPROCESSOR_DEFINITIONS = (
					"DEBUG=1",
					"$(inherited)",
				);
				GCC_WARN_64_TO_32_BIT_CONVERSION = YES;
				GCC_WARN_ABOUT_RETURN_TYPE = YES_ERROR;
				GCC_WARN_UNDECLARED_SELECTOR = YES;
				GCC_WARN_UNINITIALIZED_AUTOS = YES_AGGRESSIVE;
				GCC_WARN_UNUSED_FUNCTION = YES;
				GCC_WARN_UNUSED_VARIABLE = YES;
				IPHONEOS_DEPLOYMENT_TARGET = 11.0;
				MTL_ENABLE_DEBUG_INFO = YES;
				ONLY_ACTIVE_ARCH = YES;
				SDKROOT = iphoneos;
				SWIFT_ACTIVE_COMPILATION_CONDITIONS = DEBUG;
				SWIFT_OPTIMIZATION_LEVEL = "-Onone";
			};
			name = Debug;
		};
		295930631FA7450600E488D8 /* Release */ = {
			isa = XCBuildConfiguration;
			buildSettings = {
				ALWAYS_SEARCH_USER_PATHS = NO;
				CLANG_ANALYZER_NONNULL = YES;
				CLANG_ANALYZER_NUMBER_OBJECT_CONVERSION = YES_AGGRESSIVE;
				CLANG_CXX_LANGUAGE_STANDARD = "gnu++14";
				CLANG_CXX_LIBRARY = "libc++";
				CLANG_ENABLE_MODULES = YES;
				CLANG_ENABLE_OBJC_ARC = YES;
				CLANG_WARN_BLOCK_CAPTURE_AUTORELEASING = YES;
				CLANG_WARN_BOOL_CONVERSION = YES;
				CLANG_WARN_COMMA = YES;
				CLANG_WARN_CONSTANT_CONVERSION = YES;
				CLANG_WARN_DIRECT_OBJC_ISA_USAGE = YES_ERROR;
				CLANG_WARN_DOCUMENTATION_COMMENTS = YES;
				CLANG_WARN_EMPTY_BODY = YES;
				CLANG_WARN_ENUM_CONVERSION = YES;
				CLANG_WARN_INFINITE_RECURSION = YES;
				CLANG_WARN_INT_CONVERSION = YES;
				CLANG_WARN_NON_LITERAL_NULL_CONVERSION = YES;
				CLANG_WARN_OBJC_LITERAL_CONVERSION = YES;
				CLANG_WARN_OBJC_ROOT_CLASS = YES_ERROR;
				CLANG_WARN_RANGE_LOOP_ANALYSIS = YES;
				CLANG_WARN_STRICT_PROTOTYPES = YES;
				CLANG_WARN_SUSPICIOUS_MOVE = YES;
				CLANG_WARN_UNGUARDED_AVAILABILITY = YES_AGGRESSIVE;
				CLANG_WARN_UNREACHABLE_CODE = YES;
				CLANG_WARN__DUPLICATE_METHOD_MATCH = YES;
				CODE_SIGN_IDENTITY = "iPhone Developer";
				COPY_PHASE_STRIP = NO;
				DEBUG_INFORMATION_FORMAT = "dwarf-with-dsym";
				ENABLE_NS_ASSERTIONS = NO;
				ENABLE_STRICT_OBJC_MSGSEND = YES;
				GCC_C_LANGUAGE_STANDARD = gnu11;
				GCC_NO_COMMON_BLOCKS = YES;
				GCC_WARN_64_TO_32_BIT_CONVERSION = YES;
				GCC_WARN_ABOUT_RETURN_TYPE = YES_ERROR;
				GCC_WARN_UNDECLARED_SELECTOR = YES;
				GCC_WARN_UNINITIALIZED_AUTOS = YES_AGGRESSIVE;
				GCC_WARN_UNUSED_FUNCTION = YES;
				GCC_WARN_UNUSED_VARIABLE = YES;
				IPHONEOS_DEPLOYMENT_TARGET = 11.0;
				MTL_ENABLE_DEBUG_INFO = NO;
				SDKROOT = iphoneos;
				SWIFT_OPTIMIZATION_LEVEL = "-Owholemodule";
				VALIDATE_PRODUCT = YES;
			};
			name = Release;
		};
		295930651FA7450600E488D8 /* Debug */ = {
			isa = XCBuildConfiguration;
			baseConfigurationReference = EDDBF5D0337F601254D2A347 /* Pods-DrugLabel.debug.xcconfig */;
			buildSettings = {
				ASSETCATALOG_COMPILER_APPICON_NAME = AppIcon;
				"CODE_SIGN_IDENTITY[sdk=iphoneos*]" = "iPhone Developer";
				CODE_SIGN_STYLE = Automatic;
				DEVELOPMENT_TEAM = "";
				INFOPLIST_FILE = DrugLabel/Info.plist;
				LD_RUNPATH_SEARCH_PATHS = "$(inherited) @executable_path/Frameworks";
				PRODUCT_BUNDLE_IDENTIFIER = com.egco428.DrugLabel;
				PRODUCT_NAME = "$(TARGET_NAME)";
				PROVISIONING_PROFILE_SPECIFIER = "";
				SWIFT_VERSION = 4.0;
				TARGETED_DEVICE_FAMILY = "1,2";
			};
			name = Debug;
		};
		295930661FA7450600E488D8 /* Release */ = {
			isa = XCBuildConfiguration;
			baseConfigurationReference = C5D5152553D075AA1B75104F /* Pods-DrugLabel.release.xcconfig */;
			buildSettings = {
				ASSETCATALOG_COMPILER_APPICON_NAME = AppIcon;
				"CODE_SIGN_IDENTITY[sdk=iphoneos*]" = "iPhone Developer";
				CODE_SIGN_STYLE = Automatic;
				DEVELOPMENT_TEAM = "";
				INFOPLIST_FILE = DrugLabel/Info.plist;
				LD_RUNPATH_SEARCH_PATHS = "$(inherited) @executable_path/Frameworks";
				PRODUCT_BUNDLE_IDENTIFIER = com.egco428.DrugLabel;
				PRODUCT_NAME = "$(TARGET_NAME)";
				PROVISIONING_PROFILE_SPECIFIER = "";
				SWIFT_VERSION = 4.0;
				TARGETED_DEVICE_FAMILY = "1,2";
			};
			name = Release;
		};
/* End XCBuildConfiguration section */

/* Begin XCConfigurationList section */
		2959304D1FA7450600E488D8 /* Build configuration list for PBXProject "DrugLabel" */ = {
			isa = XCConfigurationList;
			buildConfigurations = (
				295930621FA7450600E488D8 /* Debug */,
				295930631FA7450600E488D8 /* Release */,
			);
			defaultConfigurationIsVisible = 0;
			defaultConfigurationName = Release;
		};
		295930641FA7450600E488D8 /* Build configuration list for PBXNativeTarget "DrugLabel" */ = {
			isa = XCConfigurationList;
			buildConfigurations = (
				295930651FA7450600E488D8 /* Debug */,
				295930661FA7450600E488D8 /* Release */,
			);
			defaultConfigurationIsVisible = 0;
			defaultConfigurationName = Release;
		};
/* End XCConfigurationList section */
	};
	rootObject = 2959304A1FA7450600E488D8 /* Project object */;
}
